
Microsoft Visual Studio Solution File, Format Version 12.00
# Visual Studio Version 17
VisualStudioVersion = 17.14.37531.7 d17.14
MinimumVisualStudioVersion = 10.0.40219.1
Project("{FAE04EC0-301F-11D3-BF4B-00C04F79EFBC}") = "JobApplication.API", "JobApplication.API\JobApplication.API.csproj", "{37548296-EBD9-4634-95CE-FB7B0B094133}"
EndProject
Global
	GlobalSection(SolutionConfigurationPlatforms) = preSolution
		Debug|Any CPU = Debug|Any CPU
		Release|Any CPU = Release|Any CPU
	EndGlobalSection
	GlobalSection(ProjectConfigurationPlatforms) = postSolution
		{37548296-EBD9-4634-95CE-FB7B0B094133}.Debug|Any CPU.ActiveCfg = Debug|Any CPU
		{37548296-EBD9-4634-95CE-FB7B0B094133}.Debug|Any CPU.Build.0 = Debug|Any CPU
		{37548296-EBD9-4634-95CE-FB7B0B094133}.Release|Any CPU.ActiveCfg = Release|Any CPU
		{37548296-EBD9-4634-95CE-FB7B0B094133}.Release|Any CPU.Build.0 = Release|Any CPU
	EndGlobalSection
	GlobalSection(SolutionProperties) = preSolution
		HideSolutionNode = FALSE
	EndGlobalSection
	GlobalSection(ExtensibilityGlobals) = postSolution
		SolutionGuid = {8C6F6677-64C6-4205-881B-FA560038CF80}
	EndGlobalSection
EndGlobal
